
Microsoft Visual Studio Solution File, Format Version 12.00
# Visual Studio Version 16
VisualStudioVersion = 16.0.809.7
MinimumVisualStudioVersion = 10.0.40219.1
Project("{FAE04EC0-301F-11D3-BF4B-00C04F79EFBC}") = "Phoneword.iOS", "Phoneword.iOS\Phoneword.iOS.csproj", "{94190634-EFE8-4D72-8CC5-680061DF6021}"
EndProject
Project("{FAE04EC0-301F-11D3-BF4B-00C04F79EFBC}") = "Phoneword", "Phoneword\Phoneword.csproj", "{B916807A-B95A-413F-89A5-C054A7EA90F3}"
EndProject
Global
	GlobalSection(SolutionConfigurationPlatforms) = preSolution
		Debug|iPhoneSimulator = Debug|iPhoneSimulator
		Release|iPhoneSimulator = Release|iPhoneSimulator
		Debug|iPhone = Debug|iPhone
		Release|iPhone = Release|iPhone
		Debug|Any CPU = Debug|Any CPU
		Release|Any CPU = Release|Any CPU
	EndGlobalSection
	GlobalSection(ProjectConfigurationPlatforms) = postSolution
		{94190634-EFE8-4D72-8CC5-680061DF6021}.Debug|iPhoneSimulator.ActiveCfg = Debug|iPhoneSimulator
		{94190634-EFE8-4D72-8CC5-680061DF6021}.Debug|iPhoneSimulator.Build.0 = Debug|iPhoneSimulator
		{94190634-EFE8-4D72-8CC5-680061DF6021}.Release|iPhoneSimulator.ActiveCfg = Release|iPhoneSimulator
		{94190634-EFE8-4D72-8CC5-680061DF6021}.Release|iPhoneSimulator.Build.0 = Release|iPhoneSimulator
		{94190634-EFE8-4D72-8CC5-680061DF6021}.Debug|iPhone.ActiveCfg = Debug|iPhone
		{94190634-EFE8-4D72-8CC5-680061DF6021}.Debug|iPhone.Build.0 = Debug|iPhone
		{94190634-EFE8-4D72-8CC5-680061DF6021}.Release|iPhone.ActiveCfg = Release|iPhone
		{94190634-EFE8-4D72-8CC5-680061DF6021}.Release|iPhone.Build.0 = Release|iPhone
		{94190634-EFE8-4D72-8CC5-680061DF6021}.Debug|Any CPU.ActiveCfg = Debug|iPhoneSimulator
		{94190634-EFE8-4D72-8CC5-680061DF6021}.Debug|Any CPU.Build.0 = Debug|iPhoneSimulator
		{94190634-EFE8-4D72-8CC5-680061DF6021}.Release|Any CPU.ActiveCfg = Release|iPhoneSimulator
		{94190634-EFE8-4D72-8CC5-680061DF6021}.Release|Any CPU.Build.0 = Release|iPhoneSimulator
		{B916807A-B95A-413F-89A5-C054A7EA90F3}.Debug|iPhoneSimulator.ActiveCfg = Debug|Any CPU
		{B916807A-B95A-413F-89A5-C054A7EA90F3}.Debug|iPhoneSimulator.Build.0 = Debug|Any CPU
		{B916807A-B95A-413F-89A5-C054A7EA90F3}.Release|iPhoneSimulator.ActiveCfg = Release|Any CPU
		{B916807A-B95A-413F-89A5-C054A7EA90F3}.Release|iPhoneSimulator.Build.0 = Release|Any CPU
		{B916807A-B95A-413F-89A5-C054A7EA90F3}.Debug|iPhone.ActiveCfg = Debug|Any CPU
		{B916807A-B95A-413F-89A5-C054A7EA90F3}.Debug|iPhone.Build.0 = Debug|Any CPU
		{B916807A-B95A-413F-89A5-C054A7EA90F3}.Release|iPhone.ActiveCfg = Release|Any CPU
		{B916807A-B95A-413F-89A5-C054A7EA90F3}.Release|iPhone.Build.0 = Release|Any CPU
		{B916807A-B95A-413F-89A5-C054A7EA90F3}.Debug|Any CPU.ActiveCfg = Debug|Any CPU
		{B916807A-B95A-413F-89A5-C054A7EA90F3}.Debug|Any CPU.Build.0 = Debug|Any CPU
		{B916807A-B95A-413F-89A5-C054A7EA90F3}.Release|Any CPU.ActiveCfg = Release|Any CPU
		{B916807A-B95A-413F-89A5-C054A7EA90F3}.Release|Any CPU.Build.0 = Release|Any CPU
	EndGlobalSection
	GlobalSection(SolutionProperties) = preSolution
		HideSolutionNode = FALSE
	EndGlobalSection
	GlobalSection(ExtensibilityGlobals) = postSolution
		SolutionGuid = {8C8BB977-53A0-4125-B523-4AB6003583E0}
	EndGlobalSection
EndGlobal
